<?xml version="1.0" encoding="utf-8"?>
<Project ToolsVersion="4.0" xmlns="http://schemas.microsoft.com/developer/msbuild/2003">
  <ItemGroup>
    <Filter Include="源文件">
      <UniqueIdentifier>{4FC737F1-C7A5-4376-A066-2A32D752A2FF}</UniqueIdentifier>
      <Extensions>cpp;c;cc;cxx;def;odl;idl;hpj;bat;asm;asmx</Extensions>
    </Filter>
    <Filter Include="头文件">
      <UniqueIdentifier>{93995380-89BD-4b04-88EB-625FBE52EBFB}</UniqueIdentifier>
      <Extensions>h;hh;hpp;hxx;hm;inl;inc;xsd</Extensions>
    </Filter>
    <Filter Include="资源文件">
      <UniqueIdentifier>{67DA6AB6-F800-4c08-8B7A-83BB121AAD01}</UniqueIdentifier>
      <Extensions>rc;ico;cur;bmp;dlg;rc2;rct;bin;rgs;gif;jpg;jpeg;jpe;resx;tiff;tif;png;wav;mfcribbon-ms</Extensions>
    </Filter>
    <Filter Include="头文件\MainToolbox">
      <UniqueIdentifier>{9d4981c5-8711-45a1-9e52-370ceed9839b}</UniqueIdentifier>
    </Filter>
    <Filter Include="头文件\MainToolbox\Mathematics">
      <UniqueIdentifier>{4abcf274-143f-45dd-af45-85bacde8a573}</UniqueIdentifier>
    </Filter>
    <Filter Include="头文件\MainToolbox\Mathematics\ElementaryMath">
      <UniqueIdentifier>{cf0427f9-bc05-49c3-a3cd-ece411a94e90}</UniqueIdentifier>
    </Filter>
    <Filter Include="头文件\MainToolbox\Fundamentals">
      <UniqueIdentifier>{8526f966-4ffc-4f1c-8d9d-02f5a598b0dd}</UniqueIdentifier>
    </Filter>
    <Filter Include="头文件\MainToolbox\Mathematics\LinearAlgebra">
      <UniqueIdentifier>{f6d6ab44-f782-49dd-a606-e9fa3422a32f}</UniqueIdentifier>
    </Filter>
    <Filter Include="头文件\MainToolbox\Mathematics\RandomNumber">
      <UniqueIdentifier>{3d7429f9-7a60-4d29-82ea-b134dd829aaa}</UniqueIdentifier>
    </Filter>
    <Filter Include="头文件\MainToolbox\Mathematics\Interpolation">
      <UniqueIdentifier>{3e19021c-eae7-4adc-b3f1-313d3a22c283}</UniqueIdentifier>
    </Filter>
  </ItemGroup>
  <ItemGroup>
    <ClCompile Include="main.cpp">
      <Filter>源文件</Filter>
    </ClCompile>
  </ItemGroup>
  <ItemGroup>
    <ClInclude Include="MainToolbox\Mathematics\ElementaryMath\Arithmetic.h">
      <Filter>头文件\MainToolbox\Mathematics\ElementaryMath</Filter>
    </ClInclude>
    <ClInclude Include="MainToolbox\Mathematics\ElementaryMath\Trigonometry.h">
      <Filter>头文件\MainToolbox\Mathematics\ElementaryMath</Filter>
    </ClInclude>
    <ClInclude Include="MainToolbox\Mathematics\ElementaryMath\Constants.h">
      <Filter>头文件\MainToolbox\Mathematics\ElementaryMath</Filter>
    </ClInclude>
    <ClInclude Include="MainToolbox\Mathematics\ElementaryMath\Complex.h">
      <Filter>头文件\MainToolbox\Mathematics\ElementaryMath</Filter>
    </ClInclude>
    <ClInclude Include="MainToolbox\Mathematics\ElementaryMath\DiscreteMath.h">
      <Filter>头文件\MainToolbox\Mathematics\ElementaryMath</Filter>
    </ClInclude>
    <ClInclude Include="MainToolbox\Mathematics\ElementaryMath\ExponentsLogarithms.h">
      <Filter>头文件\MainToolbox\Mathematics\ElementaryMath</Filter>
    </ClInclude>
    <ClInclude Include="MainToolbox\Mathematics\LinearAlgebra\LinearEquations.h">
      <Filter>头文件\MainToolbox\Mathematics\LinearAlgebra</Filter>
    </ClInclude>
    <ClInclude Include="MainToolbox\Mathematics\RandomNumber\Rand.h">
      <Filter>头文件\MainToolbox\Mathematics\RandomNumber</Filter>
    </ClInclude>
    <ClInclude Include="MainToolbox\Mathematics\ElementaryMath\Array.h">
      <Filter>头文件\MainToolbox\Mathematics\ElementaryMath</Filter>
    </ClInclude>
    <ClInclude Include="MainToolbox\Types.h">
      <Filter>头文件\MainToolbox</Filter>
    </ClInclude>
    <ClInclude Include="MainToolbox\Mathematics\Interpolation\Interpolation.h">
      <Filter>头文件\MainToolbox\Mathematics\Interpolation</Filter>
    </ClInclude>
  </ItemGroup>
</Project>